PODS:
  - Spockwift (0.0.1)
  - Spockwift/Tests (0.0.1)

DEPENDENCIES:
  - Spockwift (from `../`)
  - Spockwift/Tests (from `../`)

EXTERNAL SOURCES:
  Spockwift:
    :path: "../"

SPEC CHECKSUMS:
  Spockwift: 581ceb34acdae37668fd0aa2e3dfc838a60c412a

PODFILE CHECKSUM: ed42946dfe098cf427650169989449af61a7e07d

COCOAPODS: 1.11.2
